// !$*UTF8*$!
{
	archiveVersion = 1;
	classes = {
	};
	objectVersion = 46;
	objects = {

/* Begin PBXBuildFile section */
		FF607A0017A79041004A4B6E /* MapViewController.m in Sources */ = {isa = PBXBuildFile; fileRef = FF6079FF17A79041004A4B6E /* MapViewController.m */; };
		FF607A0217A7922C004A4B6E /* GoogleMaps.framework in Frameworks */ = {isa = PBXBuildFile; fileRef = FF607A0117A7922C004A4B6E /* GoogleMaps.framework */; };
		FF607A0417A79276004A4B6E /* GoogleMaps.bundle in Resources */ = {isa = PBXBuildFile; fileRef = FF607A0317A79276004A4B6E /* GoogleMaps.bundle */; };
		FF607A0617A7929E004A4B6E /* AVFoundation.framework in Frameworks */ = {isa = PBXBuildFile; fileRef = FF607A0517A7929E004A4B6E /* AVFoundation.framework */; };
		FF607A0817A792A3004A4B6E /* CoreData.framework in Frameworks */ = {isa = PBXBuildFile; fileRef = FF607A0717A792A3004A4B6E /* CoreData.framework */; };
		FF607A0A17A792BD004A4B6E /* CoreLocation.framework in Frameworks */ = {isa = PBXBuildFile; fileRef = FF607A0917A792BD004A4B6E /* CoreLocation.framework */; };
		FF607A0C17A792C5004A4B6E /* CoreText.framework in Frameworks */ = {isa = PBXBuildFile; fileRef = FF607A0B17A792C5004A4B6E /* CoreText.framework */; };
		FF607A0E17A792D5004A4B6E /* GLKit.framework in Frameworks */ = {isa = PBXBuildFile; fileRef = FF607A0D17A792D5004A4B6E /* GLKit.framework */; };
		FF607A1017A792DE004A4B6E /* ImageIO.framework in Frameworks */ = {isa = PBXBuildFile; fileRef = FF607A0F17A792DE004A4B6E /* ImageIO.framework */; };
		FF607A1217A792E9004A4B6E /* libc++.dylib in Frameworks */ = {isa = PBXBuildFile; fileRef = FF607A1117A792E9004A4B6E /* libc++.dylib */; };
		FF607A1417A792F1004A4B6E /* libicucore.dylib in Frameworks */ = {isa = PBXBuildFile; fileRef = FF607A1317A792F1004A4B6E /* libicucore.dylib */; };
		FF607A1617A792FD004A4B6E /* libz.dylib in Frameworks */ = {isa = PBXBuildFile; fileRef = FF607A1517A792FD004A4B6E /* libz.dylib */; };
		FF607A1817A79302004A4B6E /* OpenGLES.framework in Frameworks */ = {isa = PBXBuildFile; fileRef = FF607A1717A79302004A4B6E /* OpenGLES.framework */; };
		FF607A1A17A7930A004A4B6E /* QuartzCore.framework in Frameworks */ = {isa = PBXBuildFile; fileRef = FF607A1917A7930A004A4B6E /* QuartzCore.framework */; };
		FF607A1C17A79310004A4B6E /* SystemConfiguration.framework in Frameworks */ = {isa = PBXBuildFile; fileRef = FF607A1B17A79310004A4B6E /* SystemConfiguration.framework */; };
		FF9C80A317A918AF00D430FD /* CollapseClick.m in Sources */ = {isa = PBXBuildFile; fileRef = FF9C809D17A918AF00D430FD /* CollapseClick.m */; };
		FF9C80A417A918AF00D430FD /* CollapseClickCell.m in Sources */ = {isa = PBXBuildFile; fileRef = FF9C809F17A918AF00D430FD /* CollapseClickCell.m */; };
		FF9C80A517A918AF00D430FD /* CollapseClickCell.xib in Resources */ = {isa = PBXBuildFile; fileRef = FF9C80A017A918AF00D430FD /* CollapseClickCell.xib */; };
		FF9C80A617A918AF00D430FD /* CollapseClickArrow.m in Sources */ = {isa = PBXBuildFile; fileRef = FF9C80A217A918AF00D430FD /* CollapseClickArrow.m */; };
		FF9C80AA17A918BA00D430FD /* TableViewController.m in Sources */ = {isa = PBXBuildFile; fileRef = FF9C80A817A918BA00D430FD /* TableViewController.m */; };
		FF9C80AB17A918BA00D430FD /* TableViewController.xib in Resources */ = {isa = PBXBuildFile; fileRef = FF9C80A917A918BA00D430FD /* TableViewController.xib */; };
		FF9C80AE17A918C300D430FD /* password-01.png in Resources */ = {isa = PBXBuildFile; fileRef = FF9C80AC17A918C300D430FD /* password-01.png */; };
		FF9C80AF17A918C300D430FD /* username-01.png in Resources */ = {isa = PBXBuildFile; fileRef = FF9C80AD17A918C300D430FD /* username-01.png */; };
		FF9C80B317A9493300D430FD /* GDataXMLNode.m in Sources */ = {isa = PBXBuildFile; fileRef = FF9C80B117A9493300D430FD /* GDataXMLNode.m */; };
		FF9C80B917A9495A00D430FD /* BusLineInfoViewController.m in Sources */ = {isa = PBXBuildFile; fileRef = FF9C80B617A9495900D430FD /* BusLineInfoViewController.m */; };
		FF9C80BA17A9495A00D430FD /* BusSearchViewController.m in Sources */ = {isa = PBXBuildFile; fileRef = FF9C80B817A9495900D430FD /* BusSearchViewController.m */; };
		FF9C80BD17A9496B00D430FD /* BusSearchDetailedViewController.m in Sources */ = {isa = PBXBuildFile; fileRef = FF9C80BC17A9496A00D430FD /* BusSearchDetailedViewController.m */; };
		FF9C80CE17A9498E00D430FD /* gb-2.png in Resources */ = {isa = PBXBuildFile; fileRef = FF9C80BE17A9498E00D430FD /* gb-2.png */; };
		FF9C80CF17A9498E00D430FD /* 2531170_131835879000_2.jpg in Resources */ = {isa = PBXBuildFile; fileRef = FF9C80BF17A9498E00D430FD /* 2531170_131835879000_2.jpg */; };
		FF9C80D017A9498E00D430FD /* bus_icon_clicked.png in Resources */ = {isa = PBXBuildFile; fileRef = FF9C80C017A9498E00D430FD /* bus_icon_clicked.png */; };
		FF9C80D117A9498E00D430FD /* triangle1.png in Resources */ = {isa = PBXBuildFile; fileRef = FF9C80C117A9498E00D430FD /* triangle1.png */; };
		FF9C80D217A9498E00D430FD /* triangle2.png in Resources */ = {isa = PBXBuildFile; fileRef = FF9C80C217A9498E00D430FD /* triangle2.png */; };
		FF9C80D317A9498E00D430FD /* start page.png in Resources */ = {isa = PBXBuildFile; fileRef = FF9C80C317A9498E00D430FD /* start page.png */; };
		FF9C80D417A9498E00D430FD /* start page2.png in Resources */ = {isa = PBXBuildFile; fileRef = FF9C80C417A9498E00D430FD /* start page2.png */; };
		FF9C80D517A9498E00D430FD /* triangle3.png in Resources */ = {isa = PBXBuildFile; fileRef = FF9C80C517A9498E00D430FD /* triangle3.png */; };
		FF9C80D617A9498E00D430FD /* start page.jpg in Resources */ = {isa = PBXBuildFile; fileRef = FF9C80C617A9498E00D430FD /* start page.jpg */; };
		FF9C80D717A9498E00D430FD /* gray square.jpg in Resources */ = {isa = PBXBuildFile; fileRef = FF9C80C717A9498E00D430FD /* gray square.jpg */; };
		FF9C80D817A9498E00D430FD /* start.png in Resources */ = {isa = PBXBuildFile; fileRef = FF9C80C817A9498E00D430FD /* start.png */; };
		FF9C80D917A9498E00D430FD /* end.png in Resources */ = {isa = PBXBuildFile; fileRef = FF9C80C917A9498E00D430FD /* end.png */; };
		FF9C80DA17A9498E00D430FD /* triangle4.png in Resources */ = {isa = PBXBuildFile; fileRef = FF9C80CA17A9498E00D430FD /* triangle4.png */; };
		FF9C80DB17A9498E00D430FD /* search_button_clicked.png in Resources */ = {isa = PBXBuildFile; fileRef = FF9C80CB17A9498E00D430FD /* search_button_clicked.png */; };
		FF9C80DC17A9498E00D430FD /* search_button.png in Resources */ = {isa = PBXBuildFile; fileRef = FF9C80CC17A9498E00D430FD /* search_button.png */; };
		FF9C80DD17A9498E00D430FD /* bus_icon.png in Resources */ = {isa = PBXBuildFile; fileRef = FF9C80CD17A9498E00D430FD /* bus_icon.png */; };
		FF9C80E117A949C700D430FD /* lgj.storyboard in Resources */ = {isa = PBXBuildFile; fileRef = FF9C80E017A949C700D430FD /* lgj.storyboard */; };
		FF9C80E317A94AC900D430FD /* libxml2.dylib in Frameworks */ = {isa = PBXBuildFile; fileRef = FF9C80E217A94AC800D430FD /* libxml2.dylib */; };
		FF9C80EF17A954B900D430FD /* BusLineSwitchViewController.m in Sources */ = {isa = PBXBuildFile; fileRef = FF9C80EE17A954B800D430FD /* BusLineSwitchViewController.m */; };
		FFA687AE17A78E10001D18F7 /* UIKit.framework in Frameworks */ = {isa = PBXBuildFile; fileRef = FFA687AD17A78E10001D18F7 /* UIKit.framework */; };
		FFA687B017A78E10001D18F7 /* Foundation.framework in Frameworks */ = {isa = PBXBuildFile; fileRef = FFA687AF17A78E10001D18F7 /* Foundation.framework */; };
		FFA687B217A78E10001D18F7 /* CoreGraphics.framework in Frameworks */ = {isa = PBXBuildFile; fileRef = FFA687B117A78E10001D18F7 /* CoreGraphics.framework */; };
		FFA687B817A78E10001D18F7 /* InfoPlist.strings in Resources */ = {isa = PBXBuildFile; fileRef = FFA687B617A78E10001D18F7 /* InfoPlist.strings */; };
		FFA687BA17A78E10001D18F7 /* main.m in Sources */ = {isa = PBXBuildFile; fileRef = FFA687B917A78E10001D18F7 /* main.m */; };
		FFA687BE17A78E10001D18F7 /* BusAppDelegate.m in Sources */ = {isa = PBXBuildFile; fileRef = FFA687BD17A78E10001D18F7 /* BusAppDelegate.m */; };
		FFA687C017A78E10001D18F7 /* Default.png in Resources */ = {isa = PBXBuildFile; fileRef = FFA687BF17A78E10001D18F7 /* Default.png */; };
		FFA687C217A78E10001D18F7 /* Default@2x.png in Resources */ = {isa = PBXBuildFile; fileRef = FFA687C117A78E10001D18F7 /* Default@2x.png */; };
		FFA687C417A78E10001D18F7 /* Default-568h@2x.png in Resources */ = {isa = PBXBuildFile; fileRef = FFA687C317A78E10001D18F7 /* Default-568h@2x.png */; };
		FFA687C717A78E10001D18F7 /* MainStoryboard.storyboard in Resources */ = {isa = PBXBuildFile; fileRef = FFA687C517A78E10001D18F7 /* MainStoryboard.storyboard */; };
		FFA687CA17A78E10001D18F7 /* BusViewController.m in Sources */ = {isa = PBXBuildFile; fileRef = FFA687C917A78E10001D18F7 /* BusViewController.m */; };
/* End PBXBuildFile section */

/* Begin PBXFileReference section */
		FF6079FE17A79041004A4B6E /* MapViewController.h */ = {isa = PBXFileReference; fileEncoding = 4; lastKnownFileType = sourcecode.c.h; path = MapViewController.h; sourceTree = "<group>"; };
		FF6079FF17A79041004A4B6E /* MapViewController.m */ = {isa = PBXFileReference; fileEncoding = 4; lastKnownFileType = sourcecode.c.objc; path = MapViewController.m; sourceTree = "<group>"; };
		FF607A0117A7922C004A4B6E /* GoogleMaps.framework */ = {isa = PBXFileReference; lastKnownFileType = wrapper.framework; name = GoogleMaps.framework; path = SuperBus/GoogleMaps.framework; sourceTree = "<group>"; };
		FF607A0317A79276004A4B6E /* GoogleMaps.bundle */ = {isa = PBXFileReference; lastKnownFileType = "wrapper.plug-in"; name = GoogleMaps.bundle; path = "../../Downloads/GoogleMaps-iOS-1.4.0/GoogleMaps.framework/Versions/A/Resources/GoogleMaps.bundle"; sourceTree = "<group>"; };
		FF607A0517A7929E004A4B6E /* AVFoundation.framework */ = {isa = PBXFileReference; lastKnownFileType = wrapper.framework; name = AVFoundation.framework; path = System/Library/Frameworks/AVFoundation.framework; sourceTree = SDKROOT; };
		FF607A0717A792A3004A4B6E /* CoreData.framework */ = {isa = PBXFileReference; lastKnownFileType = wrapper.framework; name = CoreData.framework; path = System/Library/Frameworks/CoreData.framework; sourceTree = SDKROOT; };
		FF607A0917A792BD004A4B6E /* CoreLocation.framework */ = {isa = PBXFileReference; lastKnownFileType = wrapper.framework; name = CoreLocation.framework; path = System/Library/Frameworks/CoreLocation.framework; sourceTree = SDKROOT; };
		FF607A0B17A792C5004A4B6E /* CoreText.framework */ = {isa = PBXFileReference; lastKnownFileType = wrapper.framework; name = CoreText.framework; path = System/Library/Frameworks/CoreText.framework; sourceTree = SDKROOT; };
		FF607A0D17A792D5004A4B6E /* GLKit.framework */ = {isa = PBXFileReference; lastKnownFileType = wrapper.framework; name = GLKit.framework; path = System/Library/Frameworks/GLKit.framework; sourceTree = SDKROOT; };
		FF607A0F17A792DE004A4B6E /* ImageIO.framework */ = {isa = PBXFileReference; lastKnownFileType = wrapper.framework; name = ImageIO.framework; path = System/Library/Frameworks/ImageIO.framework; sourceTree = SDKROOT; };
		FF607A1117A792E9004A4B6E /* libc++.dylib */ = {isa = PBXFileReference; lastKnownFileType = "compiled.mach-o.dylib"; name = "libc++.dylib"; path = "usr/lib/libc++.dylib"; sourceTree = SDKROOT; };
		FF607A1317A792F1004A4B6E /* libicucore.dylib */ = {isa = PBXFileReference; lastKnownFileType = "compiled.mach-o.dylib"; name = libicucore.dylib; path = usr/lib/libicucore.dylib; sourceTree = SDKROOT; };
		FF607A1517A792FD004A4B6E /* libz.dylib */ = {isa = PBXFileReference; lastKnownFileType = "compiled.mach-o.dylib"; name = libz.dylib; path = usr/lib/libz.dylib; sourceTree = SDKROOT; };
		FF607A1717A79302004A4B6E /* OpenGLES.framework */ = {isa = PBXFileReference; lastKnownFileType = wrapper.framework; name = OpenGLES.framework; path = System/Library/Frameworks/OpenGLES.framework; sourceTree = SDKROOT; };
		FF607A1917A7930A004A4B6E /* QuartzCore.framework */ = {isa = PBXFileReference; lastKnownFileType = wrapper.framework; name = QuartzCore.framework; path = System/Library/Frameworks/QuartzCore.framework; sourceTree = SDKROOT; };
		FF607A1B17A79310004A4B6E /* SystemConfiguration.framework */ = {isa = PBXFileReference; lastKnownFileType = wrapper.framework; name = SystemConfiguration.framework; path = System/Library/Frameworks/SystemConfiguration.framework; sourceTree = SDKROOT; };
		FF9C809C17A918AF00D430FD /* CollapseClick.h */ = {isa = PBXFileReference; fileEncoding = 4; lastKnownFileType = sourcecode.c.h; path = CollapseClick.h; sourceTree = "<group>"; };
		FF9C809D17A918AF00D430FD /* CollapseClick.m */ = {isa = PBXFileReference; fileEncoding = 4; lastKnownFileType = sourcecode.c.objc; path = CollapseClick.m; sourceTree = "<group>"; };
		FF9C809E17A918AF00D430FD /* CollapseClickCell.h */ = {isa = PBXFileReference; fileEncoding = 4; lastKnownFileType = sourcecode.c.h; path = CollapseClickCell.h; sourceTree = "<group>"; };
		FF9C809F17A918AF00D430FD /* CollapseClickCell.m */ = {isa = PBXFileReference; fileEncoding = 4; lastKnownFileType = sourcecode.c.objc; path = CollapseClickCell.m; sourceTree = "<group>"; };
		FF9C80A017A918AF00D430FD /* CollapseClickCell.xib */ = {isa = PBXFileReference; fileEncoding = 4; lastKnownFileType = file.xib; path = CollapseClickCell.xib; sourceTree = "<group>"; };
		FF9C80A117A918AF00D430FD /* CollapseClickArrow.h */ = {isa = PBXFileReference; fileEncoding = 4; lastKnownFileType = sourcecode.c.h; path = CollapseClickArrow.h; sourceTree = "<group>"; };
		FF9C80A217A918AF00D430FD /* CollapseClickArrow.m */ = {isa = PBXFileReference; fileEncoding = 4; lastKnownFileType = sourcecode.c.objc; path = CollapseClickArrow.m; sourceTree = "<group>"; };
		FF9C80A717A918B900D430FD /* TableViewController.h */ = {isa = PBXFileReference; fileEncoding = 4; lastKnownFileType = sourcecode.c.h; path = TableViewController.h; sourceTree = "<group>"; };
		FF9C80A817A918BA00D430FD /* TableViewController.m */ = {isa = PBXFileReference; fileEncoding = 4; lastKnownFileType = sourcecode.c.objc; path = TableViewController.m; sourceTree = "<group>"; };
		FF9C80A917A918BA00D430FD /* TableViewController.xib */ = {isa = PBXFileReference; fileEncoding = 4; lastKnownFileType = file.xib; path = TableViewController.xib; sourceTree = "<group>"; };
		FF9C80AC17A918C300D430FD /* password-01.png */ = {isa = PBXFileReference; lastKnownFileType = image.png; path = "password-01.png"; sourceTree = "<group>"; };
		FF9C80AD17A918C300D430FD /* username-01.png */ = {isa = PBXFileReference; lastKnownFileType = image.png; path = "username-01.png"; sourceTree = "<group>"; };
		FF9C80B017A9493200D430FD /* GDataXMLNode.h */ = {isa = PBXFileReference; fileEncoding = 4; lastKnownFileType = sourcecode.c.h; path = GDataXMLNode.h; sourceTree = "<group>"; };
		FF9C80B117A9493300D430FD /* GDataXMLNode.m */ = {isa = PBXFileReference; fileEncoding = 4; lastKnownFileType = sourcecode.c.objc; path = GDataXMLNode.m; sourceTree = "<group>"; };
		FF9C80B517A9495900D430FD /* BusLineInfoViewController.h */ = {isa = PBXFileReference; fileEncoding = 4; lastKnownFileType = sourcecode.c.h; path = BusLineInfoViewController.h; sourceTree = "<group>"; };
		FF9C80B617A9495900D430FD /* BusLineInfoViewController.m */ = {isa = PBXFileReference; fileEncoding = 4; lastKnownFileType = sourcecode.c.objc; path = BusLineInfoViewController.m; sourceTree = "<group>"; };
		FF9C80B717A9495900D430FD /* BusSearchViewController.h */ = {isa = PBXFileReference; fileEncoding = 4; lastKnownFileType = sourcecode.c.h; path = BusSearchViewController.h; sourceTree = "<group>"; };
		FF9C80B817A9495900D430FD /* BusSearchViewController.m */ = {isa = PBXFileReference; fileEncoding = 4; lastKnownFileType = sourcecode.c.objc; path = BusSearchViewController.m; sourceTree = "<group>"; };
		FF9C80BB17A9496A00D430FD /* BusSearchDetailedViewController.h */ = {isa = PBXFileReference; fileEncoding = 4; lastKnownFileType = sourcecode.c.h; path = BusSearchDetailedViewController.h; sourceTree = "<group>"; };
		FF9C80BC17A9496A00D430FD /* BusSearchDetailedViewController.m */ = {isa = PBXFileReference; fileEncoding = 4; lastKnownFileType = sourcecode.c.objc; path = BusSearchDetailedViewController.m; sourceTree = "<group>"; };
		FF9C80BE17A9498E00D430FD /* gb-2.png */ = {isa = PBXFileReference; lastKnownFileType = image.png; path = "gb-2.png"; sourceTree = "<group>"; };
		FF9C80BF17A9498E00D430FD /* 2531170_131835879000_2.jpg */ = {isa = PBXFileReference; lastKnownFileType = image.jpeg; path = 2531170_131835879000_2.jpg; sourceTree = "<group>"; };
		FF9C80C017A9498E00D430FD /* bus_icon_clicked.png */ = {isa = PBXFileReference; lastKnownFileType = image.png; path = bus_icon_clicked.png; sourceTree = "<group>"; };
		FF9C80C117A9498E00D430FD /* triangle1.png */ = {isa = PBXFileReference; lastKnownFileType = image.png; path = triangle1.png; sourceTree = "<group>"; };
		FF9C80C217A9498E00D430FD /* triangle2.png */ = {isa = PBXFileReference; lastKnownFileType = image.png; path = triangle2.png; sourceTree = "<group>"; };
		FF9C80C317A9498E00D430FD /* start page.png */ = {isa = PBXFileReference; lastKnownFileType = image.png; path = "start page.png"; sourceTree = "<group>"; };
		FF9C80C417A9498E00D430FD /* start page2.png */ = {isa = PBXFileReference; lastKnownFileType = image.png; path = "start page2.png"; sourceTree = "<group>"; };
		FF9C80C517A9498E00D430FD /* triangle3.png */ = {isa = PBXFileReference; lastKnownFileType = image.png; path = triangle3.png; sourceTree = "<group>"; };
		FF9C80C617A9498E00D430FD /* start page.jpg */ = {isa = PBXFileReference; lastKnownFileType = image.jpeg; path = "start page.jpg"; sourceTree = "<group>"; };
		FF9C80C717A9498E00D430FD /* gray square.jpg */ = {isa = PBXFileReference; lastKnownFileType = image.jpeg; path = "gray square.jpg"; sourceTree = "<group>"; };
		FF9C80C817A9498E00D430FD /* start.png */ = {isa = PBXFileReference; lastKnownFileType = image.png; path = start.png; sourceTree = "<group>"; };
		FF9C80C917A9498E00D430FD /* end.png */ = {isa = PBXFileReference; lastKnownFileType = image.png; path = end.png; sourceTree = "<group>"; };
		FF9C80CA17A9498E00D430FD /* triangle4.png */ = {isa = PBXFileReference; lastKnownFileType = image.png; path = triangle4.png; sourceTree = "<group>"; };
		FF9C80CB17A9498E00D430FD /* search_button_clicked.png */ = {isa = PBXFileReference; lastKnownFileType = image.png; path = search_button_clicked.png; sourceTree = "<group>"; };
		FF9C80CC17A9498E00D430FD /* search_button.png */ = {isa = PBXFileReference; lastKnownFileType = image.png; path = search_button.png; sourceTree = "<group>"; };
		FF9C80CD17A9498E00D430FD /* bus_icon.png */ = {isa = PBXFileReference; lastKnownFileType = image.png; path = bus_icon.png; sourceTree = "<group>"; };
		FF9C80E017A949C700D430FD /* lgj.storyboard */ = {isa = PBXFileReference; fileEncoding = 4; lastKnownFileType = file.storyboard; path = lgj.storyboard; sourceTree = "<group>"; };
		FF9C80E217A94AC800D430FD /* libxml2.dylib */ = {isa = PBXFileReference; lastKnownFileType = "compiled.mach-o.dylib"; name = libxml2.dylib; path = usr/lib/libxml2.dylib; sourceTree = SDKROOT; };
		FF9C80ED17A954B700D430FD /* BusLineSwitchViewController.h */ = {isa = PBXFileReference; fileEncoding = 4; lastKnownFileType = sourcecode.c.h; name = BusLineSwitchViewController.h; path = ../BusLineSwitchViewController.h; sourceTree = "<group>"; };
		FF9C80EE17A954B800D430FD /* BusLineSwitchViewController.m */ = {isa = PBXFileReference; fileEncoding = 4; lastKnownFileType = sourcecode.c.objc; name = BusLineSwitchViewController.m; path = ../BusLineSwitchViewController.m; sourceTree = "<group>"; };
		FFA687AA17A78E10001D18F7 /* SuperBus.app */ = {isa = PBXFileReference; explicitFileType = wrapper.application; includeInIndex = 0; path = SuperBus.app; sourceTree = BUILT_PRODUCTS_DIR; };
		FFA687AD17A78E10001D18F7 /* UIKit.framework */ = {isa = PBXFileReference; lastKnownFileType = wrapper.framework; name = UIKit.framework; path = System/Library/Frameworks/UIKit.framework; sourceTree = SDKROOT; };
		FFA687AF17A78E10001D18F7 /* Foundation.framework */ = {isa = PBXFileReference; lastKnownFileType = wrapper.framework; name = Foundation.framework; path = System/Library/Frameworks/Foundation.framework; sourceTree = SDKROOT; };
		FFA687B117A78E10001D18F7 /* CoreGraphics.framework */ = {isa = PBXFileReference; lastKnownFileType = wrapper.framework; name = CoreGraphics.framework; path = System/Library/Frameworks/CoreGraphics.framework; sourceTree = SDKROOT; };
		FFA687B517A78E10001D18F7 /* SuperBus-Info.plist */ = {isa = PBXFileReference; lastKnownFileType = text.plist.xml; path = "SuperBus-Info.plist"; sourceTree = "<group>"; };
		FFA687B717A78E10001D18F7 /* en */ = {isa = PBXFileReference; lastKnownFileType = text.plist.strings; name = en; path = en.lproj/InfoPlist.strings; sourceTree = "<group>"; };
		FFA687B917A78E10001D18F7 /* main.m */ = {isa = PBXFileReference; lastKnownFileType = sourcecode.c.objc; path = main.m; sourceTree = "<group>"; };
		FFA687BB17A78E10001D18F7 /* SuperBus-Prefix.pch */ = {isa = PBXFileReference; lastKnownFileType = sourcecode.c.h; path = "SuperBus-Prefix.pch"; sourceTree = "<group>"; };
		FFA687BC17A78E10001D18F7 /* BusAppDelegate.h */ = {isa = PBXFileReference; lastKnownFileType = sourcecode.c.h; path = BusAppDelegate.h; sourceTree = "<group>"; };
		FFA687BD17A78E10001D18F7 /* BusAppDelegate.m */ = {isa = PBXFileReference; lastKnownFileType = sourcecode.c.objc; path = BusAppDelegate.m; sourceTree = "<group>"; };
		FFA687BF17A78E10001D18F7 /* Default.png */ = {isa = PBXFileReference; lastKnownFileType = image.png; path = Default.png; sourceTree = "<group>"; };
		FFA687C117A78E10001D18F7 /* Default@2x.png */ = {isa = PBXFileReference; lastKnownFileType = image.png; path = "Default@2x.png"; sourceTree = "<group>"; };
		FFA687C317A78E10001D18F7 /* Default-568h@2x.png */ = {isa = PBXFileReference; lastKnownFileType = image.png; path = "Default-568h@2x.png"; sourceTree = "<group>"; };
		FFA687C617A78E10001D18F7 /* en */ = {isa = PBXFileReference; lastKnownFileType = file.storyboard; name = en; path = en.lproj/MainStoryboard.storyboard; sourceTree = "<group>"; };
		FFA687C817A78E10001D18F7 /* BusViewController.h */ = {isa = PBXFileReference; lastKnownFileType = sourcecode.c.h; path = BusViewController.h; sourceTree = "<group>"; };
		FFA687C917A78E10001D18F7 /* BusViewController.m */ = {isa = PBXFileReference; lastKnownFileType = sourcecode.c.objc; path = BusViewController.m; sourceTree = "<group>"; };
/* End PBXFileReference section */

/* Begin PBXFrameworksBuildPhase section */
		FFA687A717A78E10001D18F7 /* Frameworks */ = {
			isa = PBXFrameworksBuildPhase;
			buildActionMask = 2147483647;
			files = (
				FF9C80E317A94AC900D430FD /* libxml2.dylib in Frameworks */,
				FF607A1C17A79310004A4B6E /* SystemConfiguration.framework in Frameworks */,
				FF607A1A17A7930A004A4B6E /* QuartzCore.framework in Frameworks */,
				FF607A1817A79302004A4B6E /* OpenGLES.framework in Frameworks */,
				FF607A1617A792FD004A4B6E /* libz.dylib in Frameworks */,
				FF607A1417A792F1004A4B6E /* libicucore.dylib in Frameworks */,
				FF607A1217A792E9004A4B6E /* libc++.dylib in Frameworks */,
				FF607A1017A792DE004A4B6E /* ImageIO.framework in Frameworks */,
				FF607A0E17A792D5004A4B6E /* GLKit.framework in Frameworks */,
				FF607A0C17A792C5004A4B6E /* CoreText.framework in Frameworks */,
				FF607A0A17A792BD004A4B6E /* CoreLocation.framework in Frameworks */,
				FF607A0817A792A3004A4B6E /* CoreData.framework in Frameworks */,
				FF607A0617A7929E004A4B6E /* AVFoundation.framework in Frameworks */,
				FFA687AE17A78E10001D18F7 /* UIKit.framework in Frameworks */,
				FFA687B017A78E10001D18F7 /* Foundation.framework in Frameworks */,
				FFA687B217A78E10001D18F7 /* CoreGraphics.framework in Frameworks */,
				FF607A0217A7922C004A4B6E /* GoogleMaps.framework in Frameworks */,
			);
			runOnlyForDeploymentPostprocessing = 0;
		};
/* End PBXFrameworksBuildPhase section */

/* Begin PBXGroup section */
		FFA687A117A78E10001D18F7 = {
			isa = PBXGroup;
			children = (
				FF9C80B017A9493200D430FD /* GDataXMLNode.h */,
				FF9C80B117A9493300D430FD /* GDataXMLNode.m */,
				FFA687B317A78E10001D18F7 /* SuperBus */,
				FFA687AC17A78E10001D18F7 /* Frameworks */,
				FFA687AB17A78E10001D18F7 /* Products */,
			);
			sourceTree = "<group>";
		};
		FFA687AB17A78E10001D18F7 /* Products */ = {
			isa = PBXGroup;
			children = (
				FFA687AA17A78E10001D18F7 /* SuperBus.app */,
			);
			name = Products;
			sourceTree = "<group>";
		};
		FFA687AC17A78E10001D18F7 /* Frameworks */ = {
			isa = PBXGroup;
			children = (
				FF9C80E217A94AC800D430FD /* libxml2.dylib */,
				FF607A1B17A79310004A4B6E /* SystemConfiguration.framework */,
				FF607A1917A7930A004A4B6E /* QuartzCore.framework */,
				FF607A1717A79302004A4B6E /* OpenGLES.framework */,
				FF607A1517A792FD004A4B6E /* libz.dylib */,
				FF607A1317A792F1004A4B6E /* libicucore.dylib */,
				FF607A1117A792E9004A4B6E /* libc++.dylib */,
				FF607A0F17A792DE004A4B6E /* ImageIO.framework */,
				FF607A0D17A792D5004A4B6E /* GLKit.framework */,
				FF607A0B17A792C5004A4B6E /* CoreText.framework */,
				FF607A0917A792BD004A4B6E /* CoreLocation.framework */,
				FF607A0717A792A3004A4B6E /* CoreData.framework */,
				FF607A0517A7929E004A4B6E /* AVFoundation.framework */,
				FF607A0317A79276004A4B6E /* GoogleMaps.bundle */,
				FF607A0117A7922C004A4B6E /* GoogleMaps.framework */,
				FFA687AD17A78E10001D18F7 /* UIKit.framework */,
				FFA687AF17A78E10001D18F7 /* Foundation.framework */,
				FFA687B117A78E10001D18F7 /* CoreGraphics.framework */,
			);
			name = Frameworks;
			sourceTree = "<group>";
		};
		FFA687B317A78E10001D18F7 /* SuperBus */ = {
			isa = PBXGroup;
			children = (
				FF9C80ED17A954B700D430FD /* BusLineSwitchViewController.h */,
				FF9C80EE17A954B800D430FD /* BusLineSwitchViewController.m */,
				FF9C80B517A9495900D430FD /* BusLineInfoViewController.h */,
				FF9C80B617A9495900D430FD /* BusLineInfoViewController.m */,
				FF9C80B717A9495900D430FD /* BusSearchViewController.h */,
				FF9C80B817A9495900D430FD /* BusSearchViewController.m */,
				FF9C80A717A918B900D430FD /* TableViewController.h */,
				FF9C80A817A918BA00D430FD /* TableViewController.m */,
				FF9C80A917A918BA00D430FD /* TableViewController.xib */,
				FF9C809C17A918AF00D430FD /* CollapseClick.h */,
				FF9C809D17A918AF00D430FD /* CollapseClick.m */,
				FF9C809E17A918AF00D430FD /* CollapseClickCell.h */,
				FF9C809F17A918AF00D430FD /* CollapseClickCell.m */,
				FF9C80A017A918AF00D430FD /* CollapseClickCell.xib */,
				FF9C80A117A918AF00D430FD /* CollapseClickArrow.h */,
				FF9C80A217A918AF00D430FD /* CollapseClickArrow.m */,
				FFA687BC17A78E10001D18F7 /* BusAppDelegate.h */,
				FFA687BD17A78E10001D18F7 /* BusAppDelegate.m */,
				FF9C80BB17A9496A00D430FD /* BusSearchDetailedViewController.h */,
				FF9C80BC17A9496A00D430FD /* BusSearchDetailedViewController.m */,
				FFA687C517A78E10001D18F7 /* MainStoryboard.storyboard */,
				FF9C80E017A949C700D430FD /* lgj.storyboard */,
				FFA687C817A78E10001D18F7 /* BusViewController.h */,
				FFA687C917A78E10001D18F7 /* BusViewController.m */,
				FFA687B417A78E10001D18F7 /* Supporting Files */,
				FF6079FE17A79041004A4B6E /* MapViewController.h */,
				FF6079FF17A79041004A4B6E /* MapViewController.m */,
			);
			path = SuperBus;
			sourceTree = "<group>";
		};
		FFA687B417A78E10001D18F7 /* Supporting Files */ = {
			isa = PBXGroup;
			children = (
				FF9C80AC17A918C300D430FD /* password-01.png */,
				FF9C80BE17A9498E00D430FD /* gb-2.png */,
				FF9C80BF17A9498E00D430FD /* 2531170_131835879000_2.jpg */,
				FF9C80C017A9498E00D430FD /* bus_icon_clicked.png */,
				FF9C80C117A9498E00D430FD /* triangle1.png */,
				FF9C80C217A9498E00D430FD /* triangle2.png */,
				FF9C80C317A9498E00D430FD /* start page.png */,
				FF9C80C417A9498E00D430FD /* start page2.png */,
				FF9C80C517A9498E00D430FD /* triangle3.png */,
				FF9C80C617A9498E00D430FD /* start page.jpg */,
				FF9C80C717A9498E00D430FD /* gray square.jpg */,
				FF9C80C817A9498E00D430FD /* start.png */,
				FF9C80C917A9498E00D430FD /* end.png */,
				FF9C80CA17A9498E00D430FD /* triangle4.png */,
				FF9C80CB17A9498E00D430FD /* search_button_clicked.png */,
				FF9C80CC17A9498E00D430FD /* search_button.png */,
				FF9C80CD17A9498E00D430FD /* bus_icon.png */,
				FF9C80AD17A918C300D430FD /* username-01.png */,
				FFA687B517A78E10001D18F7 /* SuperBus-Info.plist */,
				FFA687B617A78E10001D18F7 /* InfoPlist.strings */,
				FFA687B917A78E10001D18F7 /* main.m */,
				FFA687BB17A78E10001D18F7 /* SuperBus-Prefix.pch */,
				FFA687BF17A78E10001D18F7 /* Default.png */,
				FFA687C117A78E10001D18F7 /* Default@2x.png */,
				FFA687C317A78E10001D18F7 /* Default-568h@2x.png */,
			);
			name = "Supporting Files";
			sourceTree = "<group>";
		};
/* End PBXGroup section */

/* Begin PBXNativeTarget section */
		FFA687A917A78E10001D18F7 /* SuperBus */ = {
			isa = PBXNativeTarget;
			buildConfigurationList = FFA687CD17A78E10001D18F7 /* Build configuration list for PBXNativeTarget "SuperBus" */;
			buildPhases = (
				FFA687A617A78E10001D18F7 /* Sources */,
				FFA687A717A78E10001D18F7 /* Frameworks */,
				FFA687A817A78E10001D18F7 /* Resources */,
			);
			buildRules = (
			);
			dependencies = (
			);
			name = SuperBus;
			productName = SuperBus;
			productReference = FFA687AA17A78E10001D18F7 /* SuperBus.app */;
			productType = "com.apple.product-type.application";
		};
/* End PBXNativeTarget section */

/* Begin PBXProject section */
		FFA687A217A78E10001D18F7 /* Project object */ = {
			isa = PBXProject;
			attributes = {
				CLASSPREFIX = Bus;
				LastUpgradeCheck = 0460;
				ORGANIZATIONNAME = finlab;
			};
			buildConfigurationList = FFA687A517A78E10001D18F7 /* Build configuration list for PBXProject "SuperBus" */;
			compatibilityVersion = "Xcode 3.2";
			developmentRegion = English;
			hasScannedForEncodings = 0;
			knownRegions = (
				en,
			);
			mainGroup = FFA687A117A78E10001D18F7;
			productRefGroup = FFA687AB17A78E10001D18F7 /* Products */;
			projectDirPath = "";
			projectRoot = "";
			targets = (
				FFA687A917A78E10001D18F7 /* SuperBus */,
			);
		};
/* End PBXProject section */

/* Begin PBXResourcesBuildPhase section */
		FFA687A817A78E10001D18F7 /* Resources */ = {
			isa = PBXResourcesBuildPhase;
			buildActionMask = 2147483647;
			files = (
				FFA687B817A78E10001D18F7 /* InfoPlist.strings in Resources */,
				FFA687C017A78E10001D18F7 /* Default.png in Resources */,
				FFA687C217A78E10001D18F7 /* Default@2x.png in Resources */,
				FFA687C417A78E10001D18F7 /* Default-568h@2x.png in Resources */,
				FFA687C717A78E10001D18F7 /* MainStoryboard.storyboard in Resources */,
				FF607A0417A79276004A4B6E /* GoogleMaps.bundle in Resources */,
				FF9C80A517A918AF00D430FD /* CollapseClickCell.xib in Resources */,
				FF9C80AB17A918BA00D430FD /* TableViewController.xib in Resources */,
				FF9C80AE17A918C300D430FD /* password-01.png in Resources */,
				FF9C80AF17A918C300D430FD /* username-01.png in Resources */,
				FF9C80CE17A9498E00D430FD /* gb-2.png in Resources */,
				FF9C80CF17A9498E00D430FD /* 2531170_131835879000_2.jpg in Resources */,
				FF9C80D017A9498E00D430FD /* bus_icon_clicked.png in Resources */,
				FF9C80D117A9498E00D430FD /* triangle1.png in Resources */,
				FF9C80D217A9498E00D430FD /* triangle2.png in Resources */,
				FF9C80D317A9498E00D430FD /* start page.png in Resources */,
				FF9C80D417A9498E00D430FD /* start page2.png in Resources */,
				FF9C80D517A9498E00D430FD /* triangle3.png in Resources */,
				FF9C80D617A9498E00D430FD /* start page.jpg in Resources */,
				FF9C80D717A9498E00D430FD /* gray square.jpg in Resources */,
				FF9C80D817A9498E00D430FD /* start.png in Resources */,
				FF9C80D917A9498E00D430FD /* end.png in Resources */,
				FF9C80DA17A9498E00D430FD /* triangle4.png in Resources */,
				FF9C80DB17A9498E00D430FD /* search_button_clicked.png in Resources */,
				FF9C80DC17A9498E00D430FD /* search_button.png in Resources */,
				FF9C80DD17A9498E00D430FD /* bus_icon.png in Resources */,
				FF9C80E117A949C700D430FD /* lgj.storyboard in Resources */,
			);
			runOnlyForDeploymentPostprocessing = 0;
		};
/* End PBXResourcesBuildPhase section */

/* Begin PBXSourcesBuildPhase section */
		FFA687A617A78E10001D18F7 /* Sources */ = {
			isa = PBXSourcesBuildPhase;
			buildActionMask = 2147483647;
			files = (
				FFA687BA17A78E10001D18F7 /* main.m in Sources */,
				FFA687BE17A78E10001D18F7 /* BusAppDelegate.m in Sources */,
				FFA687CA17A78E10001D18F7 /* BusViewController.m in Sources */,
				FF607A0017A79041004A4B6E /* MapViewController.m in Sources */,
				FF9C80A317A918AF00D430FD /* CollapseClick.m in Sources */,
				FF9C80A417A918AF00D430FD /* CollapseClickCell.m in Sources */,
				FF9C80A617A918AF00D430FD /* CollapseClickArrow.m in Sources */,
				FF9C80AA17A918BA00D430FD /* TableViewController.m in Sources */,
				FF9C80B317A9493300D430FD /* GDataXMLNode.m in Sources */,
				FF9C80B917A9495A00D430FD /* BusLineInfoViewController.m in Sources */,
				FF9C80BA17A9495A00D430FD /* BusSearchViewController.m in Sources */,
				FF9C80BD17A9496B00D430FD /* BusSearchDetailedViewController.m in Sources */,
				FF9C80EF17A954B900D430FD /* BusLineSwitchViewController.m in Sources */,
			);
			runOnlyForDeploymentPostprocessing = 0;
		};
/* End PBXSourcesBuildPhase section */

/* Begin PBXVariantGroup section */
		FFA687B617A78E10001D18F7 /* InfoPlist.strings */ = {
			isa = PBXVariantGroup;
			children = (
				FFA687B717A78E10001D18F7 /* en */,
			);
			name = InfoPlist.strings;
			sourceTree = "<group>";
		};
		FFA687C517A78E10001D18F7 /* MainStoryboard.storyboard */ = {
			isa = PBXVariantGroup;
			children = (
				FFA687C617A78E10001D18F7 /* en */,
			);
			name = MainStoryboard.storyboard;
			sourceTree = "<group>";
		};
/* End PBXVariantGroup section */

/* Begin XCBuildConfiguration section */
		FFA687CB17A78E10001D18F7 /* Debug */ = {
			isa = XCBuildConfiguration;
			buildSettings = {
				ALWAYS_SEARCH_USER_PATHS = NO;
				CLANG_CXX_LANGUAGE_STANDARD = "gnu++0x";
				CLANG_CXX_LIBRARY = "libc++";
				CLANG_ENABLE_OBJC_ARC = YES;
				CLANG_WARN_CONSTANT_CONVERSION = YES;
				CLANG_WARN_EMPTY_BODY = YES;
				CLANG_WARN_ENUM_CONVERSION = YES;
				CLANG_WARN_INT_CONVERSION = YES;
				CLANG_WARN__DUPLICATE_METHOD_MATCH = YES;
				"CODE_SIGN_IDENTITY[sdk=iphoneos*]" = "iPhone Developer";
				COPY_PHASE_STRIP = NO;
				GCC_C_LANGUAGE_STANDARD = gnu99;
				GCC_DYNAMIC_NO_PIC = NO;
				GCC_OPTIMIZATION_LEVEL = 0;
				GCC_PREPROCESSOR_DEFINITIONS = (
					"DEBUG=1",
					"$(inherited)",
				);
				GCC_SYMBOLS_PRIVATE_EXTERN = NO;
				GCC_WARN_ABOUT_RETURN_TYPE = YES;
				GCC_WARN_UNINITIALIZED_AUTOS = YES;
				GCC_WARN_UNUSED_VARIABLE = YES;
				IPHONEOS_DEPLOYMENT_TARGET = 6.1;
				ONLY_ACTIVE_ARCH = YES;
				SDKROOT = iphoneos;
			};
			name = Debug;
		};
		FFA687CC17A78E10001D18F7 /* Release */ = {
			isa = XCBuildConfiguration;
			buildSettings = {
				ALWAYS_SEARCH_USER_PATHS = NO;
				CLANG_CXX_LANGUAGE_STANDARD = "gnu++0x";
				CLANG_CXX_LIBRARY = "libc++";
				CLANG_ENABLE_OBJC_ARC = YES;
				CLANG_WARN_CONSTANT_CONVERSION = YES;
				CLANG_WARN_EMPTY_BODY = YES;
				CLANG_WARN_ENUM_CONVERSION = YES;
				CLANG_WARN_INT_CONVERSION = YES;
				CLANG_WARN__DUPLICATE_METHOD_MATCH = YES;
				"CODE_SIGN_IDENTITY[sdk=iphoneos*]" = "iPhone Developer";
				COPY_PHASE_STRIP = YES;
				GCC_C_LANGUAGE_STANDARD = gnu99;
				GCC_WARN_ABOUT_RETURN_TYPE = YES;
				GCC_WARN_UNINITIALIZED_AUTOS = YES;
				GCC_WARN_UNUSED_VARIABLE = YES;
				IPHONEOS_DEPLOYMENT_TARGET = 6.1;
				OTHER_CFLAGS = "-DNS_BLOCK_ASSERTIONS=1";
				SDKROOT = iphoneos;
				VALIDATE_PRODUCT = YES;
			};
			name = Release;
		};
		FFA687CE17A78E10001D18F7 /* Debug */ = {
			isa = XCBuildConfiguration;
			buildSettings = {
				FRAMEWORK_SEARCH_PATHS = (
					"$(inherited)",
					"\"$(SRCROOT)/SuperBus\"",
				);
				GCC_PRECOMPILE_PREFIX_HEADER = YES;
				GCC_PREFIX_HEADER = "SuperBus/SuperBus-Prefix.pch";
				HEADER_SEARCH_PATHS = /usr/include/libxml2;
				INFOPLIST_FILE = "SuperBus/SuperBus-Info.plist";
				OTHER_LDFLAGS = (
					"-ObjC",
					"-lxml2",
				);
				PRODUCT_NAME = "$(TARGET_NAME)";
				WRAPPER_EXTENSION = app;
			};
			name = Debug;
		};
		FFA687CF17A78E10001D18F7 /* Release */ = {
			isa = XCBuildConfiguration;
			buildSettings = {
				FRAMEWORK_SEARCH_PATHS = (
					"$(inherited)",
					"\"$(SRCROOT)/SuperBus\"",
				);
				GCC_PRECOMPILE_PREFIX_HEADER = YES;
				GCC_PREFIX_HEADER = "SuperBus/SuperBus-Prefix.pch";
				HEADER_SEARCH_PATHS = /usr/include/libxml2;
				INFOPLIST_FILE = "SuperBus/SuperBus-Info.plist";
				OTHER_LDFLAGS = (
					"-ObjC",
					"-lxml2",
				);
				PRODUCT_NAME = "$(TARGET_NAME)";
				WRAPPER_EXTENSION = app;
			};
			name = Release;
		};
/* End XCBuildConfiguration section */

/* Begin XCConfigurationList section */
		FFA687A517A78E10001D18F7 /* Build configuration list for PBXProject "SuperBus" */ = {
			isa = XCConfigurationList;
			buildConfigurations = (
				FFA687CB17A78E10001D18F7 /* Debug */,
				FFA687CC17A78E10001D18F7 /* Release */,
			);
			defaultConfigurationIsVisible = 0;
			defaultConfigurationName = Release;
		};
		FFA687CD17A78E10001D18F7 /* Build configuration list for PBXNativeTarget "SuperBus" */ = {
			isa = XCConfigurationList;
			buildConfigurations = (
				FFA687CE17A78E10001D18F7 /* Debug */,
				FFA687CF17A78E10001D18F7 /* Release */,
			);
			defaultConfigurationIsVisible = 0;
			defaultConfigurationName = Release;
		};
/* End XCConfigurationList section */
	};
	rootObject = FFA687A217A78E10001D18F7 /* Project object */;
}
